// !$*UTF8*$!
{
	archiveVersion = 1;
	classes = {
	};
	objectVersion = 56;
	objects = {

/* Begin PBXBuildFile section */
		8EE76A8C2B373223009E1FEB /* ChefDeliveryApp.swift in Sources */ = {isa = PBXBuildFile; fileRef = 8EE76A8B2B373223009E1FEB /* ChefDeliveryApp.swift */; };
		8EE76A8E2B373223009E1FEB /* ContentView.swift in Sources */ = {isa = PBXBuildFile; fileRef = 8EE76A8D2B373223009E1FEB /* ContentView.swift */; };
		8EE76A902B373225009E1FEB /* Assets.xcassets in Resources */ = {isa = PBXBuildFile; fileRef = 8EE76A8F2B373225009E1FEB /* Assets.xcassets */; };
		8EE76A932B373225009E1FEB /* Preview Assets.xcassets in Resources */ = {isa = PBXBuildFile; fileRef = 8EE76A922B373225009E1FEB /* Preview Assets.xcassets */; };
		8EE76A9C2B373462009E1FEB /* NavigationBar.swift in Sources */ = {isa = PBXBuildFile; fileRef = 8EE76A9B2B373462009E1FEB /* NavigationBar.swift */; };
		8EE76A9F2B3738A0009E1FEB /* OrderTypeGridView.swift in Sources */ = {isa = PBXBuildFile; fileRef = 8EE76A9E2B3738A0009E1FEB /* OrderTypeGridView.swift */; };
		8EE76AA22B373BD3009E1FEB /* OrderType.swift in Sources */ = {isa = PBXBuildFile; fileRef = 8EE76AA12B373BD3009E1FEB /* OrderType.swift */; };
		8EE76AA52B373C4B009E1FEB /* DataSourceMock.swift in Sources */ = {isa = PBXBuildFile; fileRef = 8EE76AA42B373C4B009E1FEB /* DataSourceMock.swift */; };
		8EE76AA72B3752F9009E1FEB /* OrderTypeView.swift in Sources */ = {isa = PBXBuildFile; fileRef = 8EE76AA62B3752F9009E1FEB /* OrderTypeView.swift */; };
		8EE76AAA2B3759B8009E1FEB /* CarouselItemView.swift in Sources */ = {isa = PBXBuildFile; fileRef = 8EE76AA92B3759B8009E1FEB /* CarouselItemView.swift */; };
		8EE76AAC2B375B23009E1FEB /* CarouselTabView.swift in Sources */ = {isa = PBXBuildFile; fileRef = 8EE76AAB2B375B23009E1FEB /* CarouselTabView.swift */; };
		8EE76AAF2B377EF6009E1FEB /* StoreItemView.swift in Sources */ = {isa = PBXBuildFile; fileRef = 8EE76AAE2B377EF5009E1FEB /* StoreItemView.swift */; };
		8EE76AB12B378096009E1FEB /* StoresContainerView.swift in Sources */ = {isa = PBXBuildFile; fileRef = 8EE76AB02B378096009E1FEB /* StoresContainerView.swift */; };
/* End PBXBuildFile section */

/* Begin PBXFileReference section */
		8EE76A882B373223009E1FEB /* ChefDelivery.app */ = {isa = PBXFileReference; explicitFileType = wrapper.application; includeInIndex = 0; path = ChefDelivery.app; sourceTree = BUILT_PRODUCTS_DIR; };
		8EE76A8B2B373223009E1FEB /* ChefDeliveryApp.swift */ = {isa = PBXFileReference; lastKnownFileType = sourcecode.swift; path = ChefDeliveryApp.swift; sourceTree = "<group>"; };
		8EE76A8D2B373223009E1FEB /* ContentView.swift */ = {isa = PBXFileReference; lastKnownFileType = sourcecode.swift; path = ContentView.swift; sourceTree = "<group>"; };
		8EE76A8F2B373225009E1FEB /* Assets.xcassets */ = {isa = PBXFileReference; lastKnownFileType = folder.assetcatalog; path = Assets.xcassets; sourceTree = "<group>"; };
		8EE76A922B373225009E1FEB /* Preview Assets.xcassets */ = {isa = PBXFileReference; lastKnownFileType = folder.assetcatalog; path = "Preview Assets.xcassets"; sourceTree = "<group>"; };
		8EE76A9B2B373462009E1FEB /* NavigationBar.swift */ = {isa = PBXFileReference; lastKnownFileType = sourcecode.swift; path = NavigationBar.swift; sourceTree = "<group>"; };
		8EE76A9E2B3738A0009E1FEB /* OrderTypeGridView.swift */ = {isa = PBXFileReference; lastKnownFileType = sourcecode.swift; path = OrderTypeGridView.swift; sourceTree = "<group>"; };
		8EE76AA12B373BD3009E1FEB /* OrderType.swift */ = {isa = PBXFileReference; lastKnownFileType = sourcecode.swift; path = OrderType.swift; sourceTree = "<group>"; };
		8EE76AA42B373C4B009E1FEB /* DataSourceMock.swift */ = {isa = PBXFileReference; lastKnownFileType = sourcecode.swift; path = DataSourceMock.swift; sourceTree = "<group>"; };
		8EE76AA62B3752F9009E1FEB /* OrderTypeView.swift */ = {isa = PBXFileReference; lastKnownFileType = sourcecode.swift; path = OrderTypeView.swift; sourceTree = "<group>"; };
		8EE76AA92B3759B8009E1FEB /* CarouselItemView.swift */ = {isa = PBXFileReference; lastKnownFileType = sourcecode.swift; path = CarouselItemView.swift; sourceTree = "<group>"; };
		8EE76AAB2B375B23009E1FEB /* CarouselTabView.swift */ = {isa = PBXFileReference; lastKnownFileType = sourcecode.swift; path = CarouselTabView.swift; sourceTree = "<group>"; };
		8EE76AAE2B377EF5009E1FEB /* StoreItemView.swift */ = {isa = PBXFileReference; lastKnownFileType = sourcecode.swift; path = StoreItemView.swift; sourceTree = "<group>"; };
		8EE76AB02B378096009E1FEB /* StoresContainerView.swift */ = {isa = PBXFileReference; lastKnownFileType = sourcecode.swift; path = StoresContainerView.swift; sourceTree = "<group>"; };
/* End PBXFileReference section */

/* Begin PBXFrameworksBuildPhase section */
		8EE76A852B373223009E1FEB /* Frameworks */ = {
			isa = PBXFrameworksBuildPhase;
			buildActionMask = 2147483647;
			files = (
			);
			runOnlyForDeploymentPostprocessing = 0;
		};
/* End PBXFrameworksBuildPhase section */

/* Begin PBXGroup section */
		8EE76A7F2B373223009E1FEB = {
			isa = PBXGroup;
			children = (
				8EE76A8A2B373223009E1FEB /* ChefDelivery */,
				8EE76A892B373223009E1FEB /* Products */,
			);
			sourceTree = "<group>";
		};
		8EE76A892B373223009E1FEB /* Products */ = {
			isa = PBXGroup;
			children = (
				8EE76A882B373223009E1FEB /* ChefDelivery.app */,
			);
			name = Products;
			sourceTree = "<group>";
		};
		8EE76A8A2B373223009E1FEB /* ChefDelivery */ = {
			isa = PBXGroup;
			children = (
				8EE76A9A2B373435009E1FEB /* App */,
				8EE76AA02B373BAF009E1FEB /* Model */,
				8EE76A992B373423009E1FEB /* NavigationBar */,
				8EE76A9D2B373875009E1FEB /* GridView */,
				8EE76AA82B37597B009E1FEB /* CarouselView */,
				8EE76AAD2B377EDB009E1FEB /* StoresView */,
				8EE76A8F2B373225009E1FEB /* Assets.xcassets */,
				8EE76A912B373225009E1FEB /* Preview Content */,
			);
			path = ChefDelivery;
			sourceTree = "<group>";
		};
		8EE76A912B373225009E1FEB /* Preview Content */ = {
			isa = PBXGroup;
			children = (
				8EE76A922B373225009E1FEB /* Preview Assets.xcassets */,
			);
			path = "Preview Content";
			sourceTree = "<group>";
		};
		8EE76A992B373423009E1FEB /* NavigationBar */ = {
			isa = PBXGroup;
			children = (
				8EE76A9B2B373462009E1FEB /* NavigationBar.swift */,
			);
			path = NavigationBar;
			sourceTree = "<group>";
		};
		8EE76A9A2B373435009E1FEB /* App */ = {
			isa = PBXGroup;
			children = (
				8EE76A8B2B373223009E1FEB /* ChefDeliveryApp.swift */,
				8EE76A8D2B373223009E1FEB /* ContentView.swift */,
			);
			path = App;
			sourceTree = "<group>";
		};
		8EE76A9D2B373875009E1FEB /* GridView */ = {
			isa = PBXGroup;
			children = (
				8EE76A9E2B3738A0009E1FEB /* OrderTypeGridView.swift */,
				8EE76AA62B3752F9009E1FEB /* OrderTypeView.swift */,
			);
			path = GridView;
			sourceTree = "<group>";
		};
		8EE76AA02B373BAF009E1FEB /* Model */ = {
			isa = PBXGroup;
			children = (
				8EE76AA12B373BD3009E1FEB /* OrderType.swift */,
				8EE76AA42B373C4B009E1FEB /* DataSourceMock.swift */,
			);
			path = Model;
			sourceTree = "<group>";
		};
		8EE76AA82B37597B009E1FEB /* CarouselView */ = {
			isa = PBXGroup;
			children = (
				8EE76AA92B3759B8009E1FEB /* CarouselItemView.swift */,
				8EE76AAB2B375B23009E1FEB /* CarouselTabView.swift */,
			);
			path = CarouselView;
			sourceTree = "<group>";
		};
		8EE76AAD2B377EDB009E1FEB /* StoresView */ = {
			isa = PBXGroup;
			children = (
				8EE76AAE2B377EF5009E1FEB /* StoreItemView.swift */,
				8EE76AB02B378096009E1FEB /* StoresContainerView.swift */,
			);
			path = StoresView;
			sourceTree = "<group>";
		};
/* End PBXGroup section */

/* Begin PBXNativeTarget section */
		8EE76A872B373223009E1FEB /* ChefDelivery */ = {
			isa = PBXNativeTarget;
			buildConfigurationList = 8EE76A962B373225009E1FEB /* Build configuration list for PBXNativeTarget "ChefDelivery" */;
			buildPhases = (
				8EE76A842B373223009E1FEB /* Sources */,
				8EE76A852B373223009E1FEB /* Frameworks */,
				8EE76A862B373223009E1FEB /* Resources */,
			);
			buildRules = (
			);
			dependencies = (
			);
			name = ChefDelivery;
			productName = ChefDelivery;
			productReference = 8EE76A882B373223009E1FEB /* ChefDelivery.app */;
			productType = "com.apple.product-type.application";
		};
/* End PBXNativeTarget section */

/* Begin PBXProject section */
		8EE76A802B373223009E1FEB /* Project object */ = {
			isa = PBXProject;
			attributes = {
				BuildIndependentTargetsInParallel = 1;
				LastSwiftUpdateCheck = 1510;
				LastUpgradeCheck = 1510;
				TargetAttributes = {
					8EE76A872B373223009E1FEB = {
						CreatedOnToolsVersion = 15.1;
					};
				};
			};
			buildConfigurationList = 8EE76A832B373223009E1FEB /* Build configuration list for PBXProject "ChefDelivery" */;
			compatibilityVersion = "Xcode 14.0";
			developmentRegion = en;
			hasScannedForEncodings = 0;
			knownRegions = (
				en,
				Base,
			);
			mainGroup = 8EE76A7F2B373223009E1FEB;
			productRefGroup = 8EE76A892B373223009E1FEB /* Products */;
			projectDirPath = "";
			projectRoot = "";
			targets = (
				8EE76A872B373223009E1FEB /* ChefDelivery */,
			);
		};
/* End PBXProject section */

/* Begin PBXResourcesBuildPhase section */
		8EE76A862B373223009E1FEB /* Resources */ = {
			isa = PBXResourcesBuildPhase;
			buildActionMask = 2147483647;
			files = (
				8EE76A932B373225009E1FEB /* Preview Assets.xcassets in Resources */,
				8EE76A902B373225009E1FEB /* Assets.xcassets in Resources */,
			);
			runOnlyForDeploymentPostprocessing = 0;
		};
/* End PBXResourcesBuildPhase section */

/* Begin PBXSourcesBuildPhase section */
		8EE76A842B373223009E1FEB /* Sources */ = {
			isa = PBXSourcesBuildPhase;
			buildActionMask = 2147483647;
			files = (
				8EE76AA22B373BD3009E1FEB /* OrderType.swift in Sources */,
				8EE76AAA2B3759B8009E1FEB /* CarouselItemView.swift in Sources */,
				8EE76A8E2B373223009E1FEB /* ContentView.swift in Sources */,
				8EE76AA52B373C4B009E1FEB /* DataSourceMock.swift in Sources */,
				8EE76AB12B378096009E1FEB /* StoresContainerView.swift in Sources */,
				8EE76AA72B3752F9009E1FEB /* OrderTypeView.swift in Sources */,
				8EE76AAF2B377EF6009E1FEB /* StoreItemView.swift in Sources */,
				8EE76A9F2B3738A0009E1FEB /* OrderTypeGridView.swift in Sources */,
				8EE76A8C2B373223009E1FEB /* ChefDeliveryApp.swift in Sources */,
				8EE76A9C2B373462009E1FEB /* NavigationBar.swift in Sources */,
				8EE76AAC2B375B23009E1FEB /* CarouselTabView.swift in Sources */,
			);
			runOnlyForDeploymentPostprocessing = 0;
		};
/* End PBXSourcesBuildPhase section */

/* Begin XCBuildConfiguration section */
		8EE76A942B373225009E1FEB /* Debug */ = {
			isa = XCBuildConfiguration;
			buildSettings = {
				ALWAYS_SEARCH_USER_PATHS = NO;
				ASSETCATALOG_COMPILER_GENERATE_SWIFT_ASSET_SYMBOL_EXTENSIONS = YES;
				CLANG_ANALYZER_NONNULL = YES;
				CLANG_ANALYZER_NUMBER_OBJECT_CONVERSION = YES_AGGRESSIVE;
				CLANG_CXX_LANGUAGE_STANDARD = "gnu++20";
				CLANG_ENABLE_MODULES = YES;
				CLANG_ENABLE_OBJC_ARC = YES;
				CLANG_ENABLE_OBJC_WEAK = YES;
				CLANG_WARN_BLOCK_CAPTURE_AUTORELEASING = YES;
				CLANG_WARN_BOOL_CONVERSION = YES;
				CLANG_WARN_COMMA = YES;
				CLANG_WARN_CONSTANT_CONVERSION = YES;
				CLANG_WARN_DEPRECATED_OBJC_IMPLEMENTATIONS = YES;
				CLANG_WARN_DIRECT_OBJC_ISA_USAGE = YES_ERROR;
				CLANG_WARN_DOCUMENTATION_COMMENTS = YES;
				CLANG_WARN_EMPTY_BODY = YES;
				CLANG_WARN_ENUM_CONVERSION = YES;
				CLANG_WARN_INFINITE_RECURSION = YES;
				CLANG_WARN_INT_CONVERSION = YES;
				CLANG_WARN_NON_LITERAL_NULL_CONVERSION = YES;
				CLANG_WARN_OBJC_IMPLICIT_RETAIN_SELF = YES;
				CLANG_WARN_OBJC_LITERAL_CONVERSION = YES;
				CLANG_WARN_OBJC_ROOT_CLASS = YES_ERROR;
				CLANG_WARN_QUOTED_INCLUDE_IN_FRAMEWORK_HEADER = YES;
				CLANG_WARN_RANGE_LOOP_ANALYSIS = YES;
				CLANG_WARN_STRICT_PROTOTYPES = YES;
				CLANG_WARN_SUSPICIOUS_MOVE = YES;
				CLANG_WARN_UNGUARDED_AVAILABILITY = YES_AGGRESSIVE;
				CLANG_WARN_UNREACHABLE_CODE = YES;
				CLANG_WARN__DUPLICATE_METHOD_MATCH = YES;
				COPY_PHASE_STRIP = NO;
				DEBUG_INFORMATION_FORMAT = dwarf;
				ENABLE_STRICT_OBJC_MSGSEND = YES;
				ENABLE_TESTABILITY = YES;
				ENABLE_USER_SCRIPT_SANDBOXING = YES;
				GCC_C_LANGUAGE_STANDARD = gnu17;
				GCC_DYNAMIC_NO_PIC = NO;
				GCC_NO_COMMON_BLOCKS = YES;
				GCC_OPTIMIZATION_LEVEL = 0;
				GCC_PREPROCESSOR_DEFINITIONS = (
					"DEBUG=1",
					"$(inherited)",
				);
				GCC_WARN_64_TO_32_BIT_CONVERSION = YES;
				GCC_WARN_ABOUT_RETURN_TYPE = YES_ERROR;
				GCC_WARN_UNDECLARED_SELECTOR = YES;
				GCC_WARN_UNINITIALIZED_AUTOS = YES_AGGRESSIVE;
				GCC_WARN_UNUSED_FUNCTION = YES;
				GCC_WARN_UNUSED_VARIABLE = YES;
				IPHONEOS_DEPLOYMENT_TARGET = 17.2;
				LOCALIZATION_PREFERS_STRING_CATALOGS = YES;
				MTL_ENABLE_DEBUG_INFO = INCLUDE_SOURCE;
				MTL_FAST_MATH = YES;
				ONLY_ACTIVE_ARCH = YES;
				SDKROOT = iphoneos;
				SWIFT_ACTIVE_COMPILATION_CONDITIONS = "DEBUG $(inherited)";
				SWIFT_OPTIMIZATION_LEVEL = "-Onone";
			};
			name = Debug;
		};
		8EE76A952B373225009E1FEB /* Release */ = {
			isa = XCBuildConfiguration;
			buildSettings = {
				ALWAYS_SEARCH_USER_PATHS = NO;
				ASSETCATALOG_COMPILER_GENERATE_SWIFT_ASSET_SYMBOL_EXTENSIONS = YES;
				CLANG_ANALYZER_NONNULL = YES;
				CLANG_ANALYZER_NUMBER_OBJECT_CONVERSION = YES_AGGRESSIVE;
				CLANG_CXX_LANGUAGE_STANDARD = "gnu++20";
				CLANG_ENABLE_MODULES = YES;
				CLANG_ENABLE_OBJC_ARC = YES;
				CLANG_ENABLE_OBJC_WEAK = YES;
				CLANG_WARN_BLOCK_CAPTURE_AUTORELEASING = YES;
				CLANG_WARN_BOOL_CONVERSION = YES;
				CLANG_WARN_COMMA = YES;
				CLANG_WARN_CONSTANT_CONVERSION = YES;
				CLANG_WARN_DEPRECATED_OBJC_IMPLEMENTATIONS = YES;
				CLANG_WARN_DIRECT_OBJC_ISA_USAGE = YES_ERROR;
				CLANG_WARN_DOCUMENTATION_COMMENTS = YES;
				CLANG_WARN_EMPTY_BODY = YES;
				CLANG_WARN_ENUM_CONVERSION = YES;
				CLANG_WARN_INFINITE_RECURSION = YES;
				CLANG_WARN_INT_CONVERSION = YES;
				CLANG_WARN_NON_LITERAL_NULL_CONVERSION = YES;
				CLANG_WARN_OBJC_IMPLICIT_RETAIN_SELF = YES;
				CLANG_WARN_OBJC_LITERAL_CONVERSION = YES;
				CLANG_WARN_OBJC_ROOT_CLASS = YES_ERROR;
				CLANG_WARN_QUOTED_INCLUDE_IN_FRAMEWORK_HEADER = YES;
				CLANG_WARN_RANGE_LOOP_ANALYSIS = YES;
				CLANG_WARN_STRICT_PROTOTYPES = YES;
				CLANG_WARN_SUSPICIOUS_MOVE = YES;
				CLANG_WARN_UNGUARDED_AVAILABILITY = YES_AGGRESSIVE;
				CLANG_WARN_UNREACHABLE_CODE = YES;
				CLANG_WARN__DUPLICATE_METHOD_MATCH = YES;
				COPY_PHASE_STRIP = NO;
				DEBUG_INFORMATION_FORMAT = "dwarf-with-dsym";
				ENABLE_NS_ASSERTIONS = NO;
				ENABLE_STRICT_OBJC_MSGSEND = YES;
				ENABLE_USER_SCRIPT_SANDBOXING = YES;
				GCC_C_LANGUAGE_STANDARD = gnu17;
				GCC_NO_COMMON_BLOCKS = YES;
				GCC_WARN_64_TO_32_BIT_CONVERSION = YES;
				GCC_WARN_ABOUT_RETURN_TYPE = YES_ERROR;
				GCC_WARN_UNDECLARED_SELECTOR = YES;
				GCC_WARN_UNINITIALIZED_AUTOS = YES_AGGRESSIVE;
				GCC_WARN_UNUSED_FUNCTION = YES;
				GCC_WARN_UNUSED_VARIABLE = YES;
				IPHONEOS_DEPLOYMENT_TARGET = 17.2;
				LOCALIZATION_PREFERS_STRING_CATALOGS = YES;
				MTL_ENABLE_DEBUG_INFO = NO;
				MTL_FAST_MATH = YES;
				SDKROOT = iphoneos;
				SWIFT_COMPILATION_MODE = wholemodule;
				VALIDATE_PRODUCT = YES;
			};
			name = Release;
		};
		8EE76A972B373225009E1FEB /* Debug */ = {
			isa = XCBuildConfiguration;
			buildSettings = {
				ASSETCATALOG_COMPILER_APPICON_NAME = AppIcon;
				ASSETCATALOG_COMPILER_GLOBAL_ACCENT_COLOR_NAME = AccentColor;
				CODE_SIGN_STYLE = Automatic;
				CURRENT_PROJECT_VERSION = 1;
				DEVELOPMENT_ASSET_PATHS = "\"ChefDelivery/Preview Content\"";
				DEVELOPMENT_TEAM = 8AFZ9W2F33;
				ENABLE_PREVIEWS = YES;
				GENERATE_INFOPLIST_FILE = YES;
				INFOPLIST_KEY_UIApplicationSceneManifest_Generation = YES;
				INFOPLIST_KEY_UIApplicationSupportsIndirectInputEvents = YES;
				INFOPLIST_KEY_UILaunchScreen_Generation = YES;
				INFOPLIST_KEY_UISupportedInterfaceOrientations_iPad = "UIInterfaceOrientationPortrait UIInterfaceOrientationPortraitUpsideDown UIInterfaceOrientationLandscapeLeft UIInterfaceOrientationLandscapeRight";
				INFOPLIST_KEY_UISupportedInterfaceOrientations_iPhone = "UIInterfaceOrientationPortrait UIInterfaceOrientationLandscapeLeft UIInterfaceOrientationLandscapeRight";
				LD_RUNPATH_SEARCH_PATHS = (
					"$(inherited)",
					"@executable_path/Frameworks",
				);
				MARKETING_VERSION = 1.0;
				PRODUCT_BUNDLE_IDENTIFIER = com.arthurgabriel.ChefDelivery;
				PRODUCT_NAME = "$(TARGET_NAME)";
				SWIFT_EMIT_LOC_STRINGS = YES;
				SWIFT_VERSION = 5.0;
				TARGETED_DEVICE_FAMILY = "1,2";
			};
			name = Debug;
		};
		8EE76A982B373225009E1FEB /* Release */ = {
			isa = XCBuildConfiguration;
			buildSettings = {
				ASSETCATALOG_COMPILER_APPICON_NAME = AppIcon;
				ASSETCATALOG_COMPILER_GLOBAL_ACCENT_COLOR_NAME = AccentColor;
				CODE_SIGN_STYLE = Automatic;
				CURRENT_PROJECT_VERSION = 1;
				DEVELOPMENT_ASSET_PATHS = "\"ChefDelivery/Preview Content\"";
				DEVELOPMENT_TEAM = 8AFZ9W2F33;
				ENABLE_PREVIEWS = YES;
				GENERATE_INFOPLIST_FILE = YES;
				INFOPLIST_KEY_UIApplicationSceneManifest_Generation = YES;
				INFOPLIST_KEY_UIApplicationSupportsIndirectInputEvents = YES;
				INFOPLIST_KEY_UILaunchScreen_Generation = YES;
				INFOPLIST_KEY_UISupportedInterfaceOrientations_iPad = "UIInterfaceOrientationPortrait UIInterfaceOrientationPortraitUpsideDown UIInterfaceOrientationLandscapeLeft UIInterfaceOrientationLandscapeRight";
				INFOPLIST_KEY_UISupportedInterfaceOrientations_iPhone = "UIInterfaceOrientationPortrait UIInterfaceOrientationLandscapeLeft UIInterfaceOrientationLandscapeRight";
				LD_RUNPATH_SEARCH_PATHS = (
					"$(inherited)",
					"@executable_path/Frameworks",
				);
				MARKETING_VERSION = 1.0;
				PRODUCT_BUNDLE_IDENTIFIER = com.arthurgabriel.ChefDelivery;
				PRODUCT_NAME = "$(TARGET_NAME)";
				SWIFT_EMIT_LOC_STRINGS = YES;
				SWIFT_VERSION = 5.0;
				TARGETED_DEVICE_FAMILY = "1,2";
			};
			name = Release;
		};
/* End XCBuildConfiguration section */

/* Begin XCConfigurationList section */
		8EE76A832B373223009E1FEB /* Build configuration list for PBXProject "ChefDelivery" */ = {
			isa = XCConfigurationList;
			buildConfigurations = (
				8EE76A942B373225009E1FEB /* Debug */,
				8EE76A952B373225009E1FEB /* Release */,
			);
			defaultConfigurationIsVisible = 0;
			defaultConfigurationName = Release;
		};
		8EE76A962B373225009E1FEB /* Build configuration list for PBXNativeTarget "ChefDelivery" */ = {
			isa = XCConfigurationList;
			buildConfigurations = (
				8EE76A972B373225009E1FEB /* Debug */,
				8EE76A982B373225009E1FEB /* Release */,
			);
			defaultConfigurationIsVisible = 0;
			defaultConfigurationName = Release;
		};
/* End XCConfigurationList section */
	};
	rootObject = 8EE76A802B373223009E1FEB /* Project object */;
}
